
Microsoft Visual Studio Solution File, Format Version 12.00
# Visual Studio Version 16
VisualStudioVersion = 16.0.32126.315
MinimumVisualStudioVersion = 10.0.40219.1
Project("{FAE04EC0-301F-11D3-BF4B-00C04F79EFBC}") = "Lab4", "Lab4\Lab4.csproj", "{B30D943C-3977-4392-9225-EE1A51E87AB0}"
EndProject
Global
	GlobalSection(SolutionConfigurationPlatforms) = preSolution
		Debug|Any CPU = Debug|Any CPU
		Release|Any CPU = Release|Any CPU
	EndGlobalSection
	GlobalSection(ProjectConfigurationPlatforms) = postSolution
		{B30D943C-3977-4392-9225-EE1A51E87AB0}.Debug|Any CPU.ActiveCfg = Debug|Any CPU
		{B30D943C-3977-4392-9225-EE1A51E87AB0}.Debug|Any CPU.Build.0 = Debug|Any CPU
		{B30D943C-3977-4392-9225-EE1A51E87AB0}.Release|Any CPU.ActiveCfg = Release|Any CPU
		{B30D943C-3977-4392-9225-EE1A51E87AB0}.Release|Any CPU.Build.0 = Release|Any CPU
	EndGlobalSection
	GlobalSection(SolutionProperties) = preSolution
		HideSolutionNode = FALSE
	EndGlobalSection
	GlobalSection(ExtensibilityGlobals) = postSolution
		SolutionGuid = {9287D677-5BEC-48C2-B798-C76E5CF76892}
	EndGlobalSection
EndGlobal
